
Microsoft Visual Studio Solution File, Format Version 12.00
# Visual Studio Version 16
VisualStudioVersion = 16.0.31205.134
MinimumVisualStudioVersion = 10.0.40219.1
Project("{FAE04EC0-301F-11D3-BF4B-00C04F79EFBC}") = "ProjetoAlunosKTDti", "ProjetoAlunosKTDti\ProjetoAlunosKTDti.csproj", "{D56B2A4F-36BA-4F7B-88D9-1F4C9D967971}"
EndProject
Global
	GlobalSection(SolutionConfigurationPlatforms) = preSolution
		Debug|Any CPU = Debug|Any CPU
		Release|Any CPU = Release|Any CPU
	EndGlobalSection
	GlobalSection(ProjectConfigurationPlatforms) = postSolution
		{D56B2A4F-36BA-4F7B-88D9-1F4C9D967971}.Debug|Any CPU.ActiveCfg = Debug|Any CPU
		{D56B2A4F-36BA-4F7B-88D9-1F4C9D967971}.Debug|Any CPU.Build.0 = Debug|Any CPU
		{D56B2A4F-36BA-4F7B-88D9-1F4C9D967971}.Release|Any CPU.ActiveCfg = Release|Any CPU
		{D56B2A4F-36BA-4F7B-88D9-1F4C9D967971}.Release|Any CPU.Build.0 = Release|Any CPU
	EndGlobalSection
	GlobalSection(SolutionProperties) = preSolution
		HideSolutionNode = FALSE
	EndGlobalSection
	GlobalSection(ExtensibilityGlobals) = postSolution
		SolutionGuid = {BC21D5A3-3578-460B-9830-69C2E97A5799}
	EndGlobalSection
EndGlobal
